PODS:
  - FlutterMacOS (1.0.0)
  - parse_plist (0.0.1):
    - FlutterMacOS
  - shared_preferences_macos (0.0.1):
    - FlutterMacOS
  - sqflite (0.0.3):
    - Flutter
    - FlutterMacOS

DEPENDENCIES:
  - FlutterMacOS (from `Flutter/ephemeral`)
  - parse_plist (from `Flutter/ephemeral/.symlinks/plugins/parse_plist/macos`)
  - shared_preferences_macos (from `Flutter/ephemeral/.symlinks/plugins/shared_preferences_macos/macos`)
  - sqflite (from `Flutter/ephemeral/.symlinks/plugins/sqflite/darwin`)

EXTERNAL SOURCES:
  FlutterMacOS:
    :path: Flutter/ephemeral
  parse_plist:
    :path: Flutter/ephemeral/.symlinks/plugins/parse_plist/macos
  shared_preferences_macos:
    :path: Flutter/ephemeral/.symlinks/plugins/shared_preferences_macos/macos
  sqflite:
    :path: Flutter/ephemeral/.symlinks/plugins/sqflite/darwin

SPEC CHECKSUMS:
  FlutterMacOS: 8f6f14fa908a6fb3fba0cd85dbd81ec4b251fb24
  parse_plist: ee37938d38fd3ffa96d313abaf21dbdbe816708b
  shared_preferences_macos: a64dc611287ed6cbe28fd1297898db1336975727
  sqflite: 673a0e54cc04b7d6dba8d24fb8095b31c3a99eec

PODFILE CHECKSUM: ec0d75646216dd190168441e91ae8040df5c782a

COCOAPODS: 1.15.2
